
Microsoft Visual Studio Solution File, Format Version 12.00
# Visual Studio Version 17
VisualStudioVersion = 17.0.31903.59
MinimumVisualStudioVersion = 10.0.40219.1
Project("{FAE04EC0-301F-11D3-BF4B-00C04F79EFBC}") = "Fina.Api", "Fina.Api\Fina.Api.csproj", "{00116D7B-F3B2-4BB8-BDBC-EAE7D50F17F5}"
EndProject
Project("{FAE04EC0-301F-11D3-BF4B-00C04F79EFBC}") = "Fina.Web", "Fina.Web\Fina.Web.csproj", "{A75DF54A-BCAA-46B8-A667-8156BDBBAE6B}"
EndProject
Project("{FAE04EC0-301F-11D3-BF4B-00C04F79EFBC}") = "Fina.Core", "Fina.Core\Fina.Core.csproj", "{DED30C97-5548-4B70-B3B0-1AD462602F86}"
EndProject
Global
	GlobalSection(SolutionConfigurationPlatforms) = preSolution
		Debug|Any CPU = Debug|Any CPU
		Release|Any CPU = Release|Any CPU
	EndGlobalSection
	GlobalSection(SolutionProperties) = preSolution
		HideSolutionNode = FALSE
	EndGlobalSection
	GlobalSection(ProjectConfigurationPlatforms) = postSolution
		{00116D7B-F3B2-4BB8-BDBC-EAE7D50F17F5}.Debug|Any CPU.ActiveCfg = Debug|Any CPU
		{00116D7B-F3B2-4BB8-BDBC-EAE7D50F17F5}.Debug|Any CPU.Build.0 = Debug|Any CPU
		{00116D7B-F3B2-4BB8-BDBC-EAE7D50F17F5}.Release|Any CPU.ActiveCfg = Release|Any CPU
		{00116D7B-F3B2-4BB8-BDBC-EAE7D50F17F5}.Release|Any CPU.Build.0 = Release|Any CPU
		{A75DF54A-BCAA-46B8-A667-8156BDBBAE6B}.Debug|Any CPU.ActiveCfg = Debug|Any CPU
		{A75DF54A-BCAA-46B8-A667-8156BDBBAE6B}.Debug|Any CPU.Build.0 = Debug|Any CPU
		{A75DF54A-BCAA-46B8-A667-8156BDBBAE6B}.Release|Any CPU.ActiveCfg = Release|Any CPU
		{A75DF54A-BCAA-46B8-A667-8156BDBBAE6B}.Release|Any CPU.Build.0 = Release|Any CPU
		{DED30C97-5548-4B70-B3B0-1AD462602F86}.Debug|Any CPU.ActiveCfg = Debug|Any CPU
		{DED30C97-5548-4B70-B3B0-1AD462602F86}.Debug|Any CPU.Build.0 = Debug|Any CPU
		{DED30C97-5548-4B70-B3B0-1AD462602F86}.Release|Any CPU.ActiveCfg = Release|Any CPU
		{DED30C97-5548-4B70-B3B0-1AD462602F86}.Release|Any CPU.Build.0 = Release|Any CPU
	EndGlobalSection
EndGlobal
